
Microsoft Visual Studio Solution File, Format Version 12.00
# Visual Studio Version 16
VisualStudioVersion = 16.0.30011.22
MinimumVisualStudioVersion = 10.0.40219.1
Project("{FAE04EC0-301F-11D3-BF4B-00C04F79EFBC}") = "Domain", "Model\Domain.csproj", "{0C4C97FF-69FF-4CE1-B071-EADBB6A298C3}"
EndProject
Project("{FAE04EC0-301F-11D3-BF4B-00C04F79EFBC}") = "UI", "UI\UI.csproj", "{B2805C08-ABF5-468A-A648-E60DE6C21A4E}"
EndProject
Project("{FAE04EC0-301F-11D3-BF4B-00C04F79EFBC}") = "GZipPlugin", "GZipPlugin\GZipPlugin.csproj", "{8F1406F4-3FD0-4F2E-8FE5-696D70D28914}"
EndProject
Project("{FAE04EC0-301F-11D3-BF4B-00C04F79EFBC}") = "Plugin", "Plugin\Plugin.csproj", "{726C49F5-D6A0-4920-A4CD-5AF0F0CF6B91}"
EndProject
Project("{FAE04EC0-301F-11D3-BF4B-00C04F79EFBC}") = "DeflatePlugin", "DeflatePlugin\DeflatePlugin.csproj", "{02E5517A-4C13-411E-91DF-8C65419BE269}"
EndProject
Global
	GlobalSection(SolutionConfigurationPlatforms) = preSolution
		Debug|Any CPU = Debug|Any CPU
		Release|Any CPU = Release|Any CPU
	EndGlobalSection
	GlobalSection(ProjectConfigurationPlatforms) = postSolution
		{0C4C97FF-69FF-4CE1-B071-EADBB6A298C3}.Debug|Any CPU.ActiveCfg = Debug|Any CPU
		{0C4C97FF-69FF-4CE1-B071-EADBB6A298C3}.Debug|Any CPU.Build.0 = Debug|Any CPU
		{0C4C97FF-69FF-4CE1-B071-EADBB6A298C3}.Release|Any CPU.ActiveCfg = Release|Any CPU
		{0C4C97FF-69FF-4CE1-B071-EADBB6A298C3}.Release|Any CPU.Build.0 = Release|Any CPU
		{B2805C08-ABF5-468A-A648-E60DE6C21A4E}.Debug|Any CPU.ActiveCfg = Debug|Any CPU
		{B2805C08-ABF5-468A-A648-E60DE6C21A4E}.Debug|Any CPU.Build.0 = Debug|Any CPU
		{B2805C08-ABF5-468A-A648-E60DE6C21A4E}.Release|Any CPU.ActiveCfg = Release|Any CPU
		{B2805C08-ABF5-468A-A648-E60DE6C21A4E}.Release|Any CPU.Build.0 = Release|Any CPU
		{8F1406F4-3FD0-4F2E-8FE5-696D70D28914}.Debug|Any CPU.ActiveCfg = Debug|Any CPU
		{8F1406F4-3FD0-4F2E-8FE5-696D70D28914}.Debug|Any CPU.Build.0 = Debug|Any CPU
		{8F1406F4-3FD0-4F2E-8FE5-696D70D28914}.Release|Any CPU.ActiveCfg = Release|Any CPU
		{8F1406F4-3FD0-4F2E-8FE5-696D70D28914}.Release|Any CPU.Build.0 = Release|Any CPU
		{726C49F5-D6A0-4920-A4CD-5AF0F0CF6B91}.Debug|Any CPU.ActiveCfg = Debug|Any CPU
		{726C49F5-D6A0-4920-A4CD-5AF0F0CF6B91}.Debug|Any CPU.Build.0 = Debug|Any CPU
		{726C49F5-D6A0-4920-A4CD-5AF0F0CF6B91}.Release|Any CPU.ActiveCfg = Release|Any CPU
		{726C49F5-D6A0-4920-A4CD-5AF0F0CF6B91}.Release|Any CPU.Build.0 = Release|Any CPU
		{02E5517A-4C13-411E-91DF-8C65419BE269}.Debug|Any CPU.ActiveCfg = Debug|Any CPU
		{02E5517A-4C13-411E-91DF-8C65419BE269}.Debug|Any CPU.Build.0 = Debug|Any CPU
		{02E5517A-4C13-411E-91DF-8C65419BE269}.Release|Any CPU.ActiveCfg = Release|Any CPU
		{02E5517A-4C13-411E-91DF-8C65419BE269}.Release|Any CPU.Build.0 = Release|Any CPU
	EndGlobalSection
	GlobalSection(SolutionProperties) = preSolution
		HideSolutionNode = FALSE
	EndGlobalSection
	GlobalSection(ExtensibilityGlobals) = postSolution
		SolutionGuid = {C28AF7F6-EB90-44BA-A655-CAF89C7FDE3C}
	EndGlobalSection
EndGlobal
